// !$*UTF8*$!
{
	archiveVersion = 1;
	classes = {
	};
	objectVersion = 46;
	objects = {

/* Begin PBXBuildFile section */
		04F7BE0B1DB9644700D35088 /* main.m in Sources */ = {isa = PBXBuildFile; fileRef = 04F7BE0A1DB9644700D35088 /* main.m */; };
		04F7BE0E1DB9644700D35088 /* AppDelegate.m in Sources */ = {isa = PBXBuildFile; fileRef = 04F7BE0D1DB9644700D35088 /* AppDelegate.m */; };
		04F7BE111DB9644700D35088 /* ViewController.m in Sources */ = {isa = PBXBuildFile; fileRef = 04F7BE101DB9644700D35088 /* ViewController.m */; };
		04F7BE141DB9644700D35088 /* Main.storyboard in Resources */ = {isa = PBXBuildFile; fileRef = 04F7BE121DB9644700D35088 /* Main.storyboard */; };
		04F7BE171DB9644700D35088 /* git2.xcdatamodeld in Sources */ = {isa = PBXBuildFile; fileRef = 04F7BE151DB9644700D35088 /* git2.xcdatamodeld */; };
		04F7BE191DB9644700D35088 /* Assets.xcassets in Resources */ = {isa = PBXBuildFile; fileRef = 04F7BE181DB9644700D35088 /* Assets.xcassets */; };
		04F7BE1C1DB9644700D35088 /* LaunchScreen.storyboard in Resources */ = {isa = PBXBuildFile; fileRef = 04F7BE1A1DB9644700D35088 /* LaunchScreen.storyboard */; };
		04F7BE251DB9660300D35088 /* newViewController.m in Sources */ = {isa = PBXBuildFile; fileRef = 04F7BE241DB9660300D35088 /* newViewController.m */; };
/* End PBXBuildFile section */

/* Begin PBXFileReference section */
		04F7BE061DB9644700D35088 /* git2.app */ = {isa = PBXFileReference; explicitFileType = wrapper.application; includeInIndex = 0; path = git2.app; sourceTree = BUILT_PRODUCTS_DIR; };
		04F7BE0A1DB9644700D35088 /* main.m */ = {isa = PBXFileReference; lastKnownFileType = sourcecode.c.objc; path = main.m; sourceTree = "<group>"; };
		04F7BE0C1DB9644700D35088 /* AppDelegate.h */ = {isa = PBXFileReference; lastKnownFileType = sourcecode.c.h; path = AppDelegate.h; sourceTree = "<group>"; };
		04F7BE0D1DB9644700D35088 /* AppDelegate.m */ = {isa = PBXFileReference; lastKnownFileType = sourcecode.c.objc; path = AppDelegate.m; sourceTree = "<group>"; };
		04F7BE0F1DB9644700D35088 /* ViewController.h */ = {isa = PBXFileReference; lastKnownFileType = sourcecode.c.h; path = ViewController.h; sourceTree = "<group>"; };
		04F7BE101DB9644700D35088 /* ViewController.m */ = {isa = PBXFileReference; lastKnownFileType = sourcecode.c.objc; path = ViewController.m; sourceTree = "<group>"; };
		04F7BE131DB9644700D35088 /* Base */ = {isa = PBXFileReference; lastKnownFileType = file.storyboard; name = Base; path = Base.lproj/Main.storyboard; sourceTree = "<group>"; };
		04F7BE161DB9644700D35088 /* git2.xcdatamodel */ = {isa = PBXFileReference; lastKnownFileType = wrapper.xcdatamodel; path = git2.xcdatamodel; sourceTree = "<group>"; };
		04F7BE181DB9644700D35088 /* Assets.xcassets */ = {isa = PBXFileReference; lastKnownFileType = folder.assetcatalog; path = Assets.xcassets; sourceTree = "<group>"; };
		04F7BE1B1DB9644700D35088 /* Base */ = {isa = PBXFileReference; lastKnownFileType = file.storyboard; name = Base; path = Base.lproj/LaunchScreen.storyboard; sourceTree = "<group>"; };
		04F7BE1D1DB9644700D35088 /* Info.plist */ = {isa = PBXFileReference; lastKnownFileType = text.plist.xml; path = Info.plist; sourceTree = "<group>"; };
		04F7BE231DB9660300D35088 /* newViewController.h */ = {isa = PBXFileReference; fileEncoding = 4; lastKnownFileType = sourcecode.c.h; path = newViewController.h; sourceTree = "<group>"; };
		04F7BE241DB9660300D35088 /* newViewController.m */ = {isa = PBXFileReference; fileEncoding = 4; lastKnownFileType = sourcecode.c.objc; path = newViewController.m; sourceTree = "<group>"; };
/* End PBXFileReference section */

/* Begin PBXFrameworksBuildPhase section */
		04F7BE031DB9644700D35088 /* Frameworks */ = {
			isa = PBXFrameworksBuildPhase;
			buildActionMask = 2147483647;
			files = (
			);
			runOnlyForDeploymentPostprocessing = 0;
		};
/* End PBXFrameworksBuildPhase section */

/* Begin PBXGroup section */
		04F7BDFD1DB9644700D35088 = {
			isa = PBXGroup;
			children = (
				04F7BE081DB9644700D35088 /* git2 */,
				04F7BE071DB9644700D35088 /* Products */,
			);
			sourceTree = "<group>";
		};
		04F7BE071DB9644700D35088 /* Products */ = {
			isa = PBXGroup;
			children = (
				04F7BE061DB9644700D35088 /* git2.app */,
			);
			name = Products;
			sourceTree = "<group>";
		};
		04F7BE081DB9644700D35088 /* git2 */ = {
			isa = PBXGroup;
			children = (
				04F7BE0C1DB9644700D35088 /* AppDelegate.h */,
				04F7BE0D1DB9644700D35088 /* AppDelegate.m */,
				04F7BE0F1DB9644700D35088 /* ViewController.h */,
				04F7BE101DB9644700D35088 /* ViewController.m */,
				04F7BE231DB9660300D35088 /* newViewController.h */,
				04F7BE241DB9660300D35088 /* newViewController.m */,
				04F7BE121DB9644700D35088 /* Main.storyboard */,
				04F7BE181DB9644700D35088 /* Assets.xcassets */,
				04F7BE1A1DB9644700D35088 /* LaunchScreen.storyboard */,
				04F7BE1D1DB9644700D35088 /* Info.plist */,
				04F7BE151DB9644700D35088 /* git2.xcdatamodeld */,
				04F7BE091DB9644700D35088 /* Supporting Files */,
			);
			path = git2;
			sourceTree = "<group>";
		};
		04F7BE091DB9644700D35088 /* Supporting Files */ = {
			isa = PBXGroup;
			children = (
				04F7BE0A1DB9644700D35088 /* main.m */,
			);
			name = "Supporting Files";
			sourceTree = "<group>";
		};
/* End PBXGroup section */

/* Begin PBXNativeTarget section */
		04F7BE051DB9644700D35088 /* git2 */ = {
			isa = PBXNativeTarget;
			buildConfigurationList = 04F7BE201DB9644700D35088 /* Build configuration list for PBXNativeTarget "git2" */;
			buildPhases = (
				04F7BE021DB9644700D35088 /* Sources */,
				04F7BE031DB9644700D35088 /* Frameworks */,
				04F7BE041DB9644700D35088 /* Resources */,
			);
			buildRules = (
			);
			dependencies = (
			);
			name = git2;
			productName = git2;
			productReference = 04F7BE061DB9644700D35088 /* git2.app */;
			productType = "com.apple.product-type.application";
		};
/* End PBXNativeTarget section */

/* Begin PBXProject section */
		04F7BDFE1DB9644700D35088 /* Project object */ = {
			isa = PBXProject;
			attributes = {
				LastUpgradeCheck = 0800;
				ORGANIZATIONNAME = MCS;
				TargetAttributes = {
					04F7BE051DB9644700D35088 = {
						CreatedOnToolsVersion = 8.0;
						ProvisioningStyle = Automatic;
					};
				};
			};
			buildConfigurationList = 04F7BE011DB9644700D35088 /* Build configuration list for PBXProject "git2" */;
			compatibilityVersion = "Xcode 3.2";
			developmentRegion = English;
			hasScannedForEncodings = 0;
			knownRegions = (
				en,
				Base,
			);
			mainGroup = 04F7BDFD1DB9644700D35088;
			productRefGroup = 04F7BE071DB9644700D35088 /* Products */;
			projectDirPath = "";
			projectRoot = "";
			targets = (
				04F7BE051DB9644700D35088 /* git2 */,
			);
		};
/* End PBXProject section */

/* Begin PBXResourcesBuildPhase section */
		04F7BE041DB9644700D35088 /* Resources */ = {
			isa = PBXResourcesBuildPhase;
			buildActionMask = 2147483647;
			files = (
				04F7BE1C1DB9644700D35088 /* LaunchScreen.storyboard in Resources */,
				04F7BE191DB9644700D35088 /* Assets.xcassets in Resources */,
				04F7BE141DB9644700D35088 /* Main.storyboard in Resources */,
			);
			runOnlyForDeploymentPostprocessing = 0;
		};
/* End PBXResourcesBuildPhase section */

/* Begin PBXSourcesBuildPhase section */
		04F7BE021DB9644700D35088 /* Sources */ = {
			isa = PBXSourcesBuildPhase;
			buildActionMask = 2147483647;
			files = (
				04F7BE111DB9644700D35088 /* ViewController.m in Sources */,
				04F7BE0E1DB9644700D35088 /* AppDelegate.m in Sources */,
				04F7BE251DB9660300D35088 /* newViewController.m in Sources */,
				04F7BE0B1DB9644700D35088 /* main.m in Sources */,
				04F7BE171DB9644700D35088 /* git2.xcdatamodeld in Sources */,
			);
			runOnlyForDeploymentPostprocessing = 0;
		};
/* End PBXSourcesBuildPhase section */

/* Begin PBXVariantGroup section */
		04F7BE121DB9644700D35088 /* Main.storyboard */ = {
			isa = PBXVariantGroup;
			children = (
				04F7BE131DB9644700D35088 /* Base */,
			);
			name = Main.storyboard;
			sourceTree = "<group>";
		};
		04F7BE1A1DB9644700D35088 /* LaunchScreen.storyboard */ = {
			isa = PBXVariantGroup;
			children = (
				04F7BE1B1DB9644700D35088 /* Base */,
			);
			name = LaunchScreen.storyboard;
			sourceTree = "<group>";
		};
/* End PBXVariantGroup section */

/* Begin XCBuildConfiguration section */
		04F7BE1E1DB9644700D35088 /* Debug */ = {
			isa = XCBuildConfiguration;
			buildSettings = {
				ALWAYS_SEARCH_USER_PATHS = NO;
				CLANG_ANALYZER_NONNULL = YES;
				CLANG_CXX_LANGUAGE_STANDARD = "gnu++0x";
				CLANG_CXX_LIBRARY = "libc++";
				CLANG_ENABLE_MODULES = YES;
				CLANG_ENABLE_OBJC_ARC = YES;
				CLANG_WARN_BOOL_CONVERSION = YES;
				CLANG_WARN_CONSTANT_CONVERSION = YES;
				CLANG_WARN_DIRECT_OBJC_ISA_USAGE = YES_ERROR;
				CLANG_WARN_DOCUMENTATION_COMMENTS = YES;
				CLANG_WARN_EMPTY_BODY = YES;
				CLANG_WARN_ENUM_CONVERSION = YES;
				CLANG_WARN_INFINITE_RECURSION = YES;
				CLANG_WARN_INT_CONVERSION = YES;
				CLANG_WARN_OBJC_ROOT_CLASS = YES_ERROR;
				CLANG_WARN_SUSPICIOUS_MOVES = YES;
				CLANG_WARN_UNREACHABLE_CODE = YES;
				CLANG_WARN__DUPLICATE_METHOD_MATCH = YES;
				"CODE_SIGN_IDENTITY[sdk=iphoneos*]" = "iPhone Developer";
				COPY_PHASE_STRIP = NO;
				DEBUG_INFORMATION_FORMAT = dwarf;
				ENABLE_STRICT_OBJC_MSGSEND = YES;
				ENABLE_TESTABILITY = YES;
				GCC_C_LANGUAGE_STANDARD = gnu99;
				GCC_DYNAMIC_NO_PIC = NO;
				GCC_NO_COMMON_BLOCKS = YES;
				GCC_OPTIMIZATION_LEVEL = 0;
				GCC_PREPROCESSOR_DEFINITIONS = (
					"DEBUG=1",
					"$(inherited)",
				);
				GCC_WARN_64_TO_32_BIT_CONVERSION = YES;
				GCC_WARN_ABOUT_RETURN_TYPE = YES_ERROR;
				GCC_WARN_UNDECLARED_SELECTOR = YES;
				GCC_WARN_UNINITIALIZED_AUTOS = YES_AGGRESSIVE;
				GCC_WARN_UNUSED_FUNCTION = YES;
				GCC_WARN_UNUSED_VARIABLE = YES;
				IPHONEOS_DEPLOYMENT_TARGET = 10.0;
				MTL_ENABLE_DEBUG_INFO = YES;
				ONLY_ACTIVE_ARCH = YES;
				SDKROOT = iphoneos;
				TARGETED_DEVICE_FAMILY = "1,2";
			};
			name = Debug;
		};
		04F7BE1F1DB9644700D35088 /* Release */ = {
			isa = XCBuildConfiguration;
			buildSettings = {
				ALWAYS_SEARCH_USER_PATHS = NO;
				CLANG_ANALYZER_NONNULL = YES;
				CLANG_CXX_LANGUAGE_STANDARD = "gnu++0x";
				CLANG_CXX_LIBRARY = "libc++";
				CLANG_ENABLE_MODULES = YES;
				CLANG_ENABLE_OBJC_ARC = YES;
				CLANG_WARN_BOOL_CONVERSION = YES;
				CLANG_WARN_CONSTANT_CONVERSION = YES;
				CLANG_WARN_DIRECT_OBJC_ISA_USAGE = YES_ERROR;
				CLANG_WARN_DOCUMENTATION_COMMENTS = YES;
				CLANG_WARN_EMPTY_BODY = YES;
				CLANG_WARN_ENUM_CONVERSION = YES;
				CLANG_WARN_INFINITE_RECURSION = YES;
				CLANG_WARN_INT_CONVERSION = YES;
				CLANG_WARN_OBJC_ROOT_CLASS = YES_ERROR;
				CLANG_WARN_SUSPICIOUS_MOVES = YES;
				CLANG_WARN_UNREACHABLE_CODE = YES;
				CLANG_WARN__DUPLICATE_METHOD_MATCH = YES;
				"CODE_SIGN_IDENTITY[sdk=iphoneos*]" = "iPhone Developer";
				COPY_PHASE_STRIP = NO;
				DEBUG_INFORMATION_FORMAT = "dwarf-with-dsym";
				ENABLE_NS_ASSERTIONS = NO;
				ENABLE_STRICT_OBJC_MSGSEND = YES;
				GCC_C_LANGUAGE_STANDARD = gnu99;
				GCC_NO_COMMON_BLOCKS = YES;
				GCC_WARN_64_TO_32_BIT_CONVERSION = YES;
				GCC_WARN_ABOUT_RETURN_TYPE = YES_ERROR;
				GCC_WARN_UNDECLARED_SELECTOR = YES;
				GCC_WARN_UNINITIALIZED_AUTOS = YES_AGGRESSIVE;
				GCC_WARN_UNUSED_FUNCTION = YES;
				GCC_WARN_UNUSED_VARIABLE = YES;
				IPHONEOS_DEPLOYMENT_TARGET = 10.0;
				MTL_ENABLE_DEBUG_INFO = NO;
				SDKROOT = iphoneos;
				TARGETED_DEVICE_FAMILY = "1,2";
				VALIDATE_PRODUCT = YES;
			};
			name = Release;
		};
		04F7BE211DB9644700D35088 /* Debug */ = {
			isa = XCBuildConfiguration;
			buildSettings = {
				ASSETCATALOG_COMPILER_APPICON_NAME = AppIcon;
				INFOPLIST_FILE = git2/Info.plist;
				LD_RUNPATH_SEARCH_PATHS = "$(inherited) @executable_path/Frameworks";
				PRODUCT_BUNDLE_IDENTIFIER = com.morfius964.git2;
				PRODUCT_NAME = "$(TARGET_NAME)";
			};
			name = Debug;
		};
		04F7BE221DB9644700D35088 /* Release */ = {
			isa = XCBuildConfiguration;
			buildSettings = {
				ASSETCATALOG_COMPILER_APPICON_NAME = AppIcon;
				INFOPLIST_FILE = git2/Info.plist;
				LD_RUNPATH_SEARCH_PATHS = "$(inherited) @executable_path/Frameworks";
				PRODUCT_BUNDLE_IDENTIFIER = com.morfius964.git2;
				PRODUCT_NAME = "$(TARGET_NAME)";
			};
			name = Release;
		};
/* End XCBuildConfiguration section */

/* Begin XCConfigurationList section */
		04F7BE011DB9644700D35088 /* Build configuration list for PBXProject "git2" */ = {
			isa = XCConfigurationList;
			buildConfigurations = (
				04F7BE1E1DB9644700D35088 /* Debug */,
				04F7BE1F1DB9644700D35088 /* Release */,
			);
			defaultConfigurationIsVisible = 0;
			defaultConfigurationName = Release;
		};
		04F7BE201DB9644700D35088 /* Build configuration list for PBXNativeTarget "git2" */ = {
			isa = XCConfigurationList;
			buildConfigurations = (
				04F7BE211DB9644700D35088 /* Debug */,
				04F7BE221DB9644700D35088 /* Release */,
			);
			defaultConfigurationIsVisible = 0;
		};
/* End XCConfigurationList section */

/* Begin XCVersionGroup section */
		04F7BE151DB9644700D35088 /* git2.xcdatamodeld */ = {
			isa = XCVersionGroup;
			children = (
				04F7BE161DB9644700D35088 /* git2.xcdatamodel */,
			);
			currentVersion = 04F7BE161DB9644700D35088 /* git2.xcdatamodel */;
			path = git2.xcdatamodeld;
			sourceTree = "<group>";
			versionGroupType = wrapper.xcdatamodel;
		};
/* End XCVersionGroup section */
	};
	rootObject = 04F7BDFE1DB9644700D35088 /* Project object */;
}
